PODS:
  - AFNetworking (2.4.1):
    - AFNetworking/NSURLConnection
    - AFNetworking/NSURLSession
    - AFNetworking/Reachability
    - AFNetworking/Security
    - AFNetworking/Serialization
    - AFNetworking/UIKit
  - AFNetworking/NSURLConnection (2.4.1):
    - AFNetworking/Reachability
    - AFNetworking/Security
    - AFNetworking/Serialization
  - AFNetworking/NSURLSession (2.4.1):
    - AFNetworking/Reachability
    - AFNetworking/Security
    - AFNetworking/Serialization
  - AFNetworking/Reachability (2.4.1)
  - AFNetworking/Security (2.4.1)
  - AFNetworking/Serialization (2.4.1)
  - AFNetworking/UIKit (2.4.1):
    - AFNetworking/NSURLConnection
    - AFNetworking/NSURLSession
  - Appsee (2.1.1)
  - ARAnalytics/CoreIOS (2.8.0)
  - ARAnalytics/Countly (2.8.0):
    - ARAnalytics/CoreIOS
    - Countly
  - ARAnalytics/Crashlytics (2.8.0):
    - ARAnalytics/CoreIOS
  - ARAnalytics/Flurry (2.8.0):
    - ARAnalytics/CoreIOS
    - FlurrySDK
  - ARAnalytics/GoogleAnalytics (2.8.0):
    - ARAnalytics/CoreIOS
    - GoogleAnalytics-iOS-SDK
  - ARAnalytics/Localytics (2.8.0):
    - ARAnalytics/CoreIOS
    - Localytics-iOS-Client
  - Bolts (1.1.3)
  - Countly (2.0.0)
  - ECSlidingViewController (2.0.3)
  - FlurrySDK (5.4.0):
    - FlurrySDK/FlurrySDK
  - FlurrySDK/FlurrySDK (5.4.0)
  - GoogleAnalytics-iOS-SDK (3.0.9)
  - JGProgressHUD (1.2.2)
  - Localytics-iOS-Client (2.71.0)
  - Parse (1.4.2):
    - Bolts (~> 1.1.3)
  - PureLayout (2.0.1)

DEPENDENCIES:
  - AFNetworking
  - Appsee
  - ARAnalytics/Countly
  - ARAnalytics/Crashlytics
  - ARAnalytics/Flurry
  - ARAnalytics/GoogleAnalytics
  - ARAnalytics/Localytics
  - ECSlidingViewController
  - JGProgressHUD
  - Parse
  - PureLayout

SPEC CHECKSUMS:
  AFNetworking: 0aabc6fae66d6e5d039eeb21c315843c7aae51ab
  Appsee: 52f4cdd99743491b677e52d8f664b74dbc05f6a5
  ARAnalytics: 93c5b65989145f88f4d45e262612eac277b0c219
  Bolts: 3db0a875235e0c9042b013af13af0f00f79b102c
  Countly: 8d39cae855e6925578ff65b82c42db379fb9863d
  ECSlidingViewController: e79fe856bfb1a99a39c995377a1943e50f7647eb
  FlurrySDK: bed9e5598353f867508d164795a451e3ada92cb6
  GoogleAnalytics-iOS-SDK: d9e198b1f955259a72886769be7377cdfcdb2250
  JGProgressHUD: a7c58f711eec0b67f257a0821c0bac9194c72398
  Localytics-iOS-Client: 3553cabdfcd6255364ec9eb3ecfe9ec4f74d7be4
  Parse: fc9ceb6edbc6bb6a1a1f3c33f0db3293a6894f94
  PureLayout: 12eca5b6dc94f1a03fdf255d640604584ff1b55b

COCOAPODS: 0.34.4
