<?xml version="1.0" encoding="UTF-8"?>
<!DOCTYPE plist PUBLIC "-//Apple//DTD PLIST 1.0//EN" "http://www.apple.com/DTDs/PropertyList-1.0.dtd">
<plist version="1.0">
<dict>
	<key>archiveVersion</key>
	<string>1</string>
	<key>classes</key>
	<dict/>
	<key>objectVersion</key>
	<string>46</string>
	<key>objects</key>
	<dict>
		<key>040AF5C3C6C827E481C73485</key>
		<dict>
			<key>includeInIndex</key>
			<string>1</string>
			<key>isa</key>
			<string>PBXFileReference</string>
			<key>lastKnownFileType</key>
			<string>text.xcconfig</string>
			<key>name</key>
			<string>Pods-UW Quest.release.xcconfig</string>
			<key>path</key>
			<string>Pods/Target Support Files/Pods-UW Quest/Pods-UW Quest.release.xcconfig</string>
			<key>sourceTree</key>
			<string>&lt;group&gt;</string>
		</dict>
		<key>1B2AFE8C19BD27E4008A75EF</key>
		<dict>
			<key>children</key>
			<array>
				<string>FA21D6DE19E7780C002FBF71</string>
				<string>1B7CF10D19BCEF28007A157D</string>
				<string>1B5BF35119C3F8470005626F</string>
				<string>1B520C5619CE8EB900A0ADE6</string>
				<string>1B520C4E19CE888300A0ADE6</string>
				<string>1BF1B17719CF811400411109</string>
			</array>
			<key>isa</key>
			<string>PBXGroup</string>
			<key>path</key>
			<string>Controller</string>
			<key>sourceTree</key>
			<string>&lt;group&gt;</string>
		</dict>
		<key>1B2AFE8E19BD2826008A75EF</key>
		<dict>
			<key>children</key>
			<array>
				<string>1B563F9519C496BF001785D9</string>
				<string>1BF1B17819CF814E00411109</string>
			</array>
			<key>isa</key>
			<string>PBXGroup</string>
			<key>path</key>
			<string>View</string>
			<key>sourceTree</key>
			<string>&lt;group&gt;</string>
		</dict>
		<key>1B2FCD1B19C4A64400FDF4D8</key>
		<dict>
			<key>fileEncoding</key>
			<string>4</string>
			<key>isa</key>
			<string>PBXFileReference</string>
			<key>lastKnownFileType</key>
			<string>sourcecode.swift</string>
			<key>path</key>
			<string>Extension.swift</string>
			<key>sourceTree</key>
			<string>&lt;group&gt;</string>
		</dict>
		<key>1B2FCD1C19C4A64400FDF4D8</key>
		<dict>
			<key>fileRef</key>
			<string>1B2FCD1B19C4A64400FDF4D8</string>
			<key>isa</key>
			<string>PBXBuildFile</string>
		</dict>
		<key>1B520C4E19CE888300A0ADE6</key>
		<dict>
			<key>fileEncoding</key>
			<string>4</string>
			<key>isa</key>
			<string>PBXFileReference</string>
			<key>lastKnownFileType</key>
			<string>sourcecode.swift</string>
			<key>path</key>
			<string>MenuViewController.swift</string>
			<key>sourceTree</key>
			<string>&lt;group&gt;</string>
		</dict>
		<key>1B520C4F19CE888300A0ADE6</key>
		<dict>
			<key>fileRef</key>
			<string>1B520C4E19CE888300A0ADE6</string>
			<key>isa</key>
			<string>PBXBuildFile</string>
		</dict>
		<key>1B520C5219CE8A2000A0ADE6</key>
		<dict>
			<key>fileEncoding</key>
			<string>4</string>
			<key>isa</key>
			<string>PBXFileReference</string>
			<key>lastKnownFileType</key>
			<string>sourcecode.swift</string>
			<key>path</key>
			<string>PersonalInfoViewController.swift</string>
			<key>sourceTree</key>
			<string>&lt;group&gt;</string>
		</dict>
		<key>1B520C5319CE8A2000A0ADE6</key>
		<dict>
			<key>fileRef</key>
			<string>1B520C5219CE8A2000A0ADE6</string>
			<key>isa</key>
			<string>PBXBuildFile</string>
		</dict>
		<key>1B520C5419CE8EB900A0ADE6</key>
		<dict>
			<key>fileRef</key>
			<string>1B520C5619CE8EB900A0ADE6</string>
			<key>isa</key>
			<string>PBXBuildFile</string>
		</dict>
		<key>1B520C5519CE8EB900A0ADE6</key>
		<dict>
			<key>isa</key>
			<string>PBXFileReference</string>
			<key>lastKnownFileType</key>
			<string>file.storyboard</string>
			<key>name</key>
			<string>Base</string>
			<key>path</key>
			<string>Base.lproj/MainSlide.storyboard</string>
			<key>sourceTree</key>
			<string>&lt;group&gt;</string>
		</dict>
		<key>1B520C5619CE8EB900A0ADE6</key>
		<dict>
			<key>children</key>
			<array>
				<string>1B520C5519CE8EB900A0ADE6</string>
			</array>
			<key>isa</key>
			<string>PBXVariantGroup</string>
			<key>name</key>
			<string>MainSlide.storyboard</string>
			<key>sourceTree</key>
			<string>&lt;group&gt;</string>
		</dict>
		<key>1B563F9519C496BF001785D9</key>
		<dict>
			<key>fileEncoding</key>
			<string>4</string>
			<key>isa</key>
			<string>PBXFileReference</string>
			<key>lastKnownFileType</key>
			<string>sourcecode.swift</string>
			<key>path</key>
			<string>BaseButton.swift</string>
			<key>sourceTree</key>
			<string>&lt;group&gt;</string>
		</dict>
		<key>1B563F9619C496BF001785D9</key>
		<dict>
			<key>fileRef</key>
			<string>1B563F9519C496BF001785D9</string>
			<key>isa</key>
			<string>PBXBuildFile</string>
		</dict>
		<key>1B563F9D19C49BBD001785D9</key>
		<dict>
			<key>children</key>
			<array>
				<string>1B2FCD1B19C4A64400FDF4D8</string>
				<string>FAF2292019C937620041C36F</string>
				<string>FAF2292119C937620041C36F</string>
				<string>FAF2292219C937620041C36F</string>
				<string>FAF2292319C937620041C36F</string>
			</array>
			<key>isa</key>
			<string>PBXGroup</string>
			<key>path</key>
			<string>Extension</string>
			<key>sourceTree</key>
			<string>&lt;group&gt;</string>
		</dict>
		<key>1B5BF35119C3F8470005626F</key>
		<dict>
			<key>fileEncoding</key>
			<string>4</string>
			<key>isa</key>
			<string>PBXFileReference</string>
			<key>lastKnownFileType</key>
			<string>sourcecode.swift</string>
			<key>path</key>
			<string>LoginViewController.swift</string>
			<key>sourceTree</key>
			<string>&lt;group&gt;</string>
		</dict>
		<key>1B5BF35219C3F8470005626F</key>
		<dict>
			<key>fileRef</key>
			<string>1B5BF35119C3F8470005626F</string>
			<key>isa</key>
			<string>PBXBuildFile</string>
		</dict>
		<key>1B64007719D8977D00C35E44</key>
		<dict>
			<key>fileEncoding</key>
			<string>4</string>
			<key>isa</key>
			<string>PBXFileReference</string>
			<key>lastKnownFileType</key>
			<string>sourcecode.swift</string>
			<key>path</key>
			<string>NameCollectionViewCell.swift</string>
			<key>sourceTree</key>
			<string>&lt;group&gt;</string>
		</dict>
		<key>1B64007819D8977D00C35E44</key>
		<dict>
			<key>fileEncoding</key>
			<string>4</string>
			<key>isa</key>
			<string>PBXFileReference</string>
			<key>lastKnownFileType</key>
			<string>file.xib</string>
			<key>path</key>
			<string>NameCollectionViewCell.xib</string>
			<key>sourceTree</key>
			<string>&lt;group&gt;</string>
		</dict>
		<key>1B64007919D8977D00C35E44</key>
		<dict>
			<key>fileRef</key>
			<string>1B64007719D8977D00C35E44</string>
			<key>isa</key>
			<string>PBXBuildFile</string>
		</dict>
		<key>1B64007A19D8977D00C35E44</key>
		<dict>
			<key>fileRef</key>
			<string>1B64007819D8977D00C35E44</string>
			<key>isa</key>
			<string>PBXBuildFile</string>
		</dict>
		<key>1B64007B19D8E48E00C35E44</key>
		<dict>
			<key>fileEncoding</key>
			<string>4</string>
			<key>isa</key>
			<string>PBXFileReference</string>
			<key>lastKnownFileType</key>
			<string>sourcecode.swift</string>
			<key>path</key>
			<string>PhoneNumberCollectionViewCell.swift</string>
			<key>sourceTree</key>
			<string>&lt;group&gt;</string>
		</dict>
		<key>1B64007C19D8E48E00C35E44</key>
		<dict>
			<key>fileEncoding</key>
			<string>4</string>
			<key>isa</key>
			<string>PBXFileReference</string>
			<key>lastKnownFileType</key>
			<string>file.xib</string>
			<key>path</key>
			<string>PhoneNumberCollectionViewCell.xib</string>
			<key>sourceTree</key>
			<string>&lt;group&gt;</string>
		</dict>
		<key>1B64007D19D8E48E00C35E44</key>
		<dict>
			<key>fileRef</key>
			<string>1B64007B19D8E48E00C35E44</string>
			<key>isa</key>
			<string>PBXBuildFile</string>
		</dict>
		<key>1B64007E19D8E48E00C35E44</key>
		<dict>
			<key>fileRef</key>
			<string>1B64007C19D8E48E00C35E44</string>
			<key>isa</key>
			<string>PBXBuildFile</string>
		</dict>
		<key>1B7CF0FB19BCEF28007A157D</key>
		<dict>
			<key>children</key>
			<array>
				<string>1B7CF10619BCEF28007A157D</string>
				<string>1B7CF11919BCEF28007A157D</string>
				<string>1B7CF10519BCEF28007A157D</string>
				<string>B94156B808E14E00AB78F713</string>
				<string>8D7A35BFE085927D4E172E57</string>
			</array>
			<key>isa</key>
			<string>PBXGroup</string>
			<key>sourceTree</key>
			<string>&lt;group&gt;</string>
		</dict>
		<key>1B7CF0FC19BCEF28007A157D</key>
		<dict>
			<key>attributes</key>
			<dict>
				<key>CLASSPREFIX</key>
				<string>UQ</string>
				<key>LastUpgradeCheck</key>
				<string>0600</string>
				<key>ORGANIZATIONNAME</key>
				<string>Honghao</string>
				<key>TargetAttributes</key>
				<dict>
					<key>1B7CF10319BCEF28007A157D</key>
					<dict>
						<key>CreatedOnToolsVersion</key>
						<string>6.0</string>
						<key>DevelopmentTeam</key>
						<string>UYW9ZSKZAQ</string>
						<key>SystemCapabilities</key>
						<dict>
							<key>com.apple.InAppPurchase</key>
							<dict>
								<key>enabled</key>
								<string>0</string>
							</dict>
						</dict>
					</dict>
					<key>1B7CF11519BCEF28007A157D</key>
					<dict>
						<key>CreatedOnToolsVersion</key>
						<string>6.0</string>
						<key>TestTargetID</key>
						<string>1B7CF10319BCEF28007A157D</string>
					</dict>
				</dict>
			</dict>
			<key>buildConfigurationList</key>
			<string>1B7CF0FF19BCEF28007A157D</string>
			<key>compatibilityVersion</key>
			<string>Xcode 3.2</string>
			<key>developmentRegion</key>
			<string>English</string>
			<key>hasScannedForEncodings</key>
			<string>0</string>
			<key>isa</key>
			<string>PBXProject</string>
			<key>knownRegions</key>
			<array>
				<string>en</string>
				<string>Base</string>
			</array>
			<key>mainGroup</key>
			<string>1B7CF0FB19BCEF28007A157D</string>
			<key>productRefGroup</key>
			<string>1B7CF10519BCEF28007A157D</string>
			<key>projectDirPath</key>
			<string></string>
			<key>projectReferences</key>
			<array/>
			<key>projectRoot</key>
			<string></string>
			<key>targets</key>
			<array>
				<string>1B7CF10319BCEF28007A157D</string>
				<string>1B7CF11519BCEF28007A157D</string>
			</array>
		</dict>
		<key>1B7CF0FF19BCEF28007A157D</key>
		<dict>
			<key>buildConfigurations</key>
			<array>
				<string>1B7CF11E19BCEF28007A157D</string>
				<string>1B7CF11F19BCEF28007A157D</string>
			</array>
			<key>defaultConfigurationIsVisible</key>
			<string>0</string>
			<key>defaultConfigurationName</key>
			<string>Release</string>
			<key>isa</key>
			<string>XCConfigurationList</string>
		</dict>
		<key>1B7CF10019BCEF28007A157D</key>
		<dict>
			<key>buildActionMask</key>
			<string>2147483647</string>
			<key>files</key>
			<array>
				<string>FAF2291F19C937180041C36F</string>
				<string>FAE020DB19DBAEF90000253A</string>
				<string>FA4D1F5C19DA6B32006AA190</string>
				<string>FACE198719C9EB05001FD4C9</string>
				<string>1B2FCD1C19C4A64400FDF4D8</string>
				<string>1BF1B17919CF814E00411109</string>
				<string>1B8615AC19CFC6A20064505C</string>
				<string>FA21D6E319E7780C002FBF71</string>
				<string>FA7E99FD19DCFD9800D65565</string>
				<string>FA4D1F5819DA620C006AA190</string>
				<string>1B5BF35219C3F8470005626F</string>
				<string>1B520C5319CE8A2000A0ADE6</string>
				<string>1B8615AE19CFD79A0064505C</string>
				<string>FAF2292419C937620041C36F</string>
				<string>1B64007919D8977D00C35E44</string>
				<string>1B563F9619C496BF001785D9</string>
				<string>1B520C4F19CE888300A0ADE6</string>
				<string>FAE020D919DBACA40000253A</string>
				<string>1B7CF10A19BCEF28007A157D</string>
				<string>FA21D6E419E7780C002FBF71</string>
				<string>FAF2292519C937620041C36F</string>
				<string>FA79657619C9079F00852C84</string>
				<string>FA23729E19C74167000F5D4F</string>
				<string>FA7E99FB19DCFD4000D65565</string>
				<string>1B64007D19D8E48E00C35E44</string>
				<string>FA8C1D6419C75B0800D6E158</string>
			</array>
			<key>isa</key>
			<string>PBXSourcesBuildPhase</string>
			<key>runOnlyForDeploymentPostprocessing</key>
			<string>0</string>
		</dict>
		<key>1B7CF10119BCEF28007A157D</key>
		<dict>
			<key>buildActionMask</key>
			<string>2147483647</string>
			<key>files</key>
			<array>
				<string>FAF2292F19C9433E0041C36F</string>
				<string>FAF2292D19C943280041C36F</string>
				<string>FAF2292B19C9411E0041C36F</string>
				<string>FAF2292919C941170041C36F</string>
				<string>FA23728A19C72E6E000F5D4F</string>
				<string>FAF2292719C941080041C36F</string>
				<string>FA23729819C72E91000F5D4F</string>
				<string>FA23729419C72E87000F5D4F</string>
				<string>FA23729219C72E83000F5D4F</string>
				<string>FA23729019C72E7F000F5D4F</string>
				<string>FACE198A19C9EC2D001FD4C9</string>
				<string>FA23728E19C72E79000F5D4F</string>
				<string>FA23728C19C72E73000F5D4F</string>
				<string>FA23728819C72E67000F5D4F</string>
				<string>FA23728619C72E62000F5D4F</string>
				<string>9DF10D05EB6E460CBD79B4E4</string>
			</array>
			<key>isa</key>
			<string>PBXFrameworksBuildPhase</string>
			<key>runOnlyForDeploymentPostprocessing</key>
			<string>0</string>
		</dict>
		<key>1B7CF10219BCEF28007A157D</key>
		<dict>
			<key>buildActionMask</key>
			<string>2147483647</string>
			<key>files</key>
			<array>
				<string>FA4D1F5D19DA6B32006AA190</string>
				<string>1B64007E19D8E48E00C35E44</string>
				<string>1B7CF10F19BCEF28007A157D</string>
				<string>FADDD6CF19D476BB003EC88D</string>
				<string>FA4D1F5919DA620C006AA190</string>
				<string>FA79657819C90BB000852C84</string>
				<string>1B64007A19D8977D00C35E44</string>
				<string>1B520C5419CE8EB900A0ADE6</string>
				<string>1B7CF11119BCEF28007A157D</string>
			</array>
			<key>isa</key>
			<string>PBXResourcesBuildPhase</string>
			<key>runOnlyForDeploymentPostprocessing</key>
			<string>0</string>
		</dict>
		<key>1B7CF10319BCEF28007A157D</key>
		<dict>
			<key>buildConfigurationList</key>
			<string>1B7CF12019BCEF28007A157D</string>
			<key>buildPhases</key>
			<array>
				<string>74923F04F71C4B119FF7FE6C</string>
				<string>1B7CF10019BCEF28007A157D</string>
				<string>1B7CF10119BCEF28007A157D</string>
				<string>1B7CF10219BCEF28007A157D</string>
				<string>8751D1AADF5C44DE95744EFC</string>
			</array>
			<key>buildRules</key>
			<array/>
			<key>dependencies</key>
			<array/>
			<key>isa</key>
			<string>PBXNativeTarget</string>
			<key>name</key>
			<string>UW Quest</string>
			<key>productName</key>
			<string>UW Quest</string>
			<key>productReference</key>
			<string>1B7CF10419BCEF28007A157D</string>
			<key>productType</key>
			<string>com.apple.product-type.application</string>
		</dict>
		<key>1B7CF10419BCEF28007A157D</key>
		<dict>
			<key>explicitFileType</key>
			<string>wrapper.application</string>
			<key>includeInIndex</key>
			<string>0</string>
			<key>isa</key>
			<string>PBXFileReference</string>
			<key>path</key>
			<string>UW Quest.app</string>
			<key>sourceTree</key>
			<string>BUILT_PRODUCTS_DIR</string>
		</dict>
		<key>1B7CF10519BCEF28007A157D</key>
		<dict>
			<key>children</key>
			<array>
				<string>1B7CF10419BCEF28007A157D</string>
				<string>1B7CF11619BCEF28007A157D</string>
			</array>
			<key>isa</key>
			<string>PBXGroup</string>
			<key>name</key>
			<string>Products</string>
			<key>sourceTree</key>
			<string>&lt;group&gt;</string>
		</dict>
		<key>1B7CF10619BCEF28007A157D</key>
		<dict>
			<key>children</key>
			<array>
				<string>FA23729A19C72F9A000F5D4F</string>
				<string>1B7CF10919BCEF28007A157D</string>
				<string>FA79657719C90BB000852C84</string>
				<string>1B7CF11019BCEF28007A157D</string>
				<string>FACE198819C9EB38001FD4C9</string>
				<string>FAF2291C19C937050041C36F</string>
				<string>1B563F9D19C49BBD001785D9</string>
				<string>FA23728119C63E68000F5D4F</string>
				<string>FACE198519C9EB05001FD4C9</string>
				<string>FA8C1D6219C75B0800D6E158</string>
				<string>1B2AFE8E19BD2826008A75EF</string>
				<string>1B2AFE8C19BD27E4008A75EF</string>
				<string>1B7CF10719BCEF28007A157D</string>
			</array>
			<key>isa</key>
			<string>PBXGroup</string>
			<key>path</key>
			<string>UW Quest</string>
			<key>sourceTree</key>
			<string>&lt;group&gt;</string>
		</dict>
		<key>1B7CF10719BCEF28007A157D</key>
		<dict>
			<key>children</key>
			<array>
				<string>1B7CF10819BCEF28007A157D</string>
			</array>
			<key>isa</key>
			<string>PBXGroup</string>
			<key>name</key>
			<string>Supporting Files</string>
			<key>path</key>
			<string>Supporting Files</string>
			<key>sourceTree</key>
			<string>&lt;group&gt;</string>
		</dict>
		<key>1B7CF10819BCEF28007A157D</key>
		<dict>
			<key>isa</key>
			<string>PBXFileReference</string>
			<key>lastKnownFileType</key>
			<string>text.plist.xml</string>
			<key>path</key>
			<string>Info.plist</string>
			<key>sourceTree</key>
			<string>&lt;group&gt;</string>
		</dict>
		<key>1B7CF10919BCEF28007A157D</key>
		<dict>
			<key>isa</key>
			<string>PBXFileReference</string>
			<key>lastKnownFileType</key>
			<string>sourcecode.swift</string>
			<key>path</key>
			<string>AppDelegate.swift</string>
			<key>sourceTree</key>
			<string>&lt;group&gt;</string>
		</dict>
		<key>1B7CF10A19BCEF28007A157D</key>
		<dict>
			<key>fileRef</key>
			<string>1B7CF10919BCEF28007A157D</string>
			<key>isa</key>
			<string>PBXBuildFile</string>
		</dict>
		<key>1B7CF10D19BCEF28007A157D</key>
		<dict>
			<key>children</key>
			<array>
				<string>1B7CF10E19BCEF28007A157D</string>
			</array>
			<key>isa</key>
			<string>PBXVariantGroup</string>
			<key>name</key>
			<string>Login.storyboard</string>
			<key>path</key>
			<string>UW Quest/Controller</string>
			<key>sourceTree</key>
			<string>SOURCE_ROOT</string>
		</dict>
		<key>1B7CF10E19BCEF28007A157D</key>
		<dict>
			<key>isa</key>
			<string>PBXFileReference</string>
			<key>lastKnownFileType</key>
			<string>file.storyboard</string>
			<key>name</key>
			<string>Base</string>
			<key>path</key>
			<string>Base.lproj/Login.storyboard</string>
			<key>sourceTree</key>
			<string>&lt;group&gt;</string>
		</dict>
		<key>1B7CF10F19BCEF28007A157D</key>
		<dict>
			<key>fileRef</key>
			<string>1B7CF10D19BCEF28007A157D</string>
			<key>isa</key>
			<string>PBXBuildFile</string>
		</dict>
		<key>1B7CF11019BCEF28007A157D</key>
		<dict>
			<key>isa</key>
			<string>PBXFileReference</string>
			<key>lastKnownFileType</key>
			<string>folder.assetcatalog</string>
			<key>path</key>
			<string>Images.xcassets</string>
			<key>sourceTree</key>
			<string>&lt;group&gt;</string>
		</dict>
		<key>1B7CF11119BCEF28007A157D</key>
		<dict>
			<key>fileRef</key>
			<string>1B7CF11019BCEF28007A157D</string>
			<key>isa</key>
			<string>PBXBuildFile</string>
		</dict>
		<key>1B7CF11219BCEF28007A157D</key>
		<dict>
			<key>buildActionMask</key>
			<string>2147483647</string>
			<key>files</key>
			<array>
				<string>1B7CF11D19BCEF28007A157D</string>
			</array>
			<key>isa</key>
			<string>PBXSourcesBuildPhase</string>
			<key>runOnlyForDeploymentPostprocessing</key>
			<string>0</string>
		</dict>
		<key>1B7CF11319BCEF28007A157D</key>
		<dict>
			<key>buildActionMask</key>
			<string>2147483647</string>
			<key>files</key>
			<array/>
			<key>isa</key>
			<string>PBXFrameworksBuildPhase</string>
			<key>runOnlyForDeploymentPostprocessing</key>
			<string>0</string>
		</dict>
		<key>1B7CF11419BCEF28007A157D</key>
		<dict>
			<key>buildActionMask</key>
			<string>2147483647</string>
			<key>files</key>
			<array/>
			<key>isa</key>
			<string>PBXResourcesBuildPhase</string>
			<key>runOnlyForDeploymentPostprocessing</key>
			<string>0</string>
		</dict>
		<key>1B7CF11519BCEF28007A157D</key>
		<dict>
			<key>buildConfigurationList</key>
			<string>1B7CF12319BCEF28007A157D</string>
			<key>buildPhases</key>
			<array>
				<string>1B7CF11219BCEF28007A157D</string>
				<string>1B7CF11319BCEF28007A157D</string>
				<string>1B7CF11419BCEF28007A157D</string>
			</array>
			<key>buildRules</key>
			<array/>
			<key>dependencies</key>
			<array>
				<string>1B7CF11819BCEF28007A157D</string>
			</array>
			<key>isa</key>
			<string>PBXNativeTarget</string>
			<key>name</key>
			<string>UW QuestTests</string>
			<key>productName</key>
			<string>UW QuestTests</string>
			<key>productReference</key>
			<string>1B7CF11619BCEF28007A157D</string>
			<key>productType</key>
			<string>com.apple.product-type.bundle.unit-test</string>
		</dict>
		<key>1B7CF11619BCEF28007A157D</key>
		<dict>
			<key>explicitFileType</key>
			<string>wrapper.cfbundle</string>
			<key>includeInIndex</key>
			<string>0</string>
			<key>isa</key>
			<string>PBXFileReference</string>
			<key>path</key>
			<string>UW QuestTests.xctest</string>
			<key>sourceTree</key>
			<string>BUILT_PRODUCTS_DIR</string>
		</dict>
		<key>1B7CF11719BCEF28007A157D</key>
		<dict>
			<key>containerPortal</key>
			<string>1B7CF0FC19BCEF28007A157D</string>
			<key>isa</key>
			<string>PBXContainerItemProxy</string>
			<key>proxyType</key>
			<string>1</string>
			<key>remoteGlobalIDString</key>
			<string>1B7CF10319BCEF28007A157D</string>
			<key>remoteInfo</key>
			<string>UW Quest</string>
		</dict>
		<key>1B7CF11819BCEF28007A157D</key>
		<dict>
			<key>isa</key>
			<string>PBXTargetDependency</string>
			<key>target</key>
			<string>1B7CF10319BCEF28007A157D</string>
			<key>targetProxy</key>
			<string>1B7CF11719BCEF28007A157D</string>
		</dict>
		<key>1B7CF11919BCEF28007A157D</key>
		<dict>
			<key>children</key>
			<array>
				<string>1B7CF11C19BCEF28007A157D</string>
				<string>1B7CF11A19BCEF28007A157D</string>
			</array>
			<key>isa</key>
			<string>PBXGroup</string>
			<key>path</key>
			<string>UW QuestTests</string>
			<key>sourceTree</key>
			<string>&lt;group&gt;</string>
		</dict>
		<key>1B7CF11A19BCEF28007A157D</key>
		<dict>
			<key>children</key>
			<array>
				<string>1B7CF11B19BCEF28007A157D</string>
			</array>
			<key>isa</key>
			<string>PBXGroup</string>
			<key>name</key>
			<string>Supporting Files</string>
			<key>path</key>
			<string>Supporting Files</string>
			<key>sourceTree</key>
			<string>&lt;group&gt;</string>
		</dict>
		<key>1B7CF11B19BCEF28007A157D</key>
		<dict>
			<key>isa</key>
			<string>PBXFileReference</string>
			<key>lastKnownFileType</key>
			<string>text.plist.xml</string>
			<key>path</key>
			<string>Info.plist</string>
			<key>sourceTree</key>
			<string>&lt;group&gt;</string>
		</dict>
		<key>1B7CF11C19BCEF28007A157D</key>
		<dict>
			<key>isa</key>
			<string>PBXFileReference</string>
			<key>lastKnownFileType</key>
			<string>sourcecode.swift</string>
			<key>path</key>
			<string>UW_QuestTests.swift</string>
			<key>sourceTree</key>
			<string>&lt;group&gt;</string>
		</dict>
		<key>1B7CF11D19BCEF28007A157D</key>
		<dict>
			<key>fileRef</key>
			<string>1B7CF11C19BCEF28007A157D</string>
			<key>isa</key>
			<string>PBXBuildFile</string>
		</dict>
		<key>1B7CF11E19BCEF28007A157D</key>
		<dict>
			<key>buildSettings</key>
			<dict>
				<key>ALWAYS_SEARCH_USER_PATHS</key>
				<string>YES</string>
				<key>CLANG_CXX_LANGUAGE_STANDARD</key>
				<string>gnu++0x</string>
				<key>CLANG_CXX_LIBRARY</key>
				<string>libc++</string>
				<key>CLANG_ENABLE_MODULES</key>
				<string>YES</string>
				<key>CLANG_ENABLE_OBJC_ARC</key>
				<string>YES</string>
				<key>CLANG_WARN_BOOL_CONVERSION</key>
				<string>YES</string>
				<key>CLANG_WARN_CONSTANT_CONVERSION</key>
				<string>YES</string>
				<key>CLANG_WARN_DIRECT_OBJC_ISA_USAGE</key>
				<string>YES_ERROR</string>
				<key>CLANG_WARN_EMPTY_BODY</key>
				<string>YES</string>
				<key>CLANG_WARN_ENUM_CONVERSION</key>
				<string>YES</string>
				<key>CLANG_WARN_INT_CONVERSION</key>
				<string>YES</string>
				<key>CLANG_WARN_OBJC_ROOT_CLASS</key>
				<string>YES_ERROR</string>
				<key>CLANG_WARN_UNREACHABLE_CODE</key>
				<string>YES</string>
				<key>CLANG_WARN__DUPLICATE_METHOD_MATCH</key>
				<string>YES</string>
				<key>CODE_SIGN_IDENTITY[sdk=iphoneos*]</key>
				<string>iPhone Developer</string>
				<key>COPY_PHASE_STRIP</key>
				<string>NO</string>
				<key>ENABLE_STRICT_OBJC_MSGSEND</key>
				<string>YES</string>
				<key>GCC_C_LANGUAGE_STANDARD</key>
				<string>gnu99</string>
				<key>GCC_DYNAMIC_NO_PIC</key>
				<string>NO</string>
				<key>GCC_OPTIMIZATION_LEVEL</key>
				<string>0</string>
				<key>GCC_PREPROCESSOR_DEFINITIONS</key>
				<array>
					<string>DEBUG=1</string>
					<string>$(inherited)</string>
				</array>
				<key>GCC_SYMBOLS_PRIVATE_EXTERN</key>
				<string>NO</string>
				<key>GCC_WARN_64_TO_32_BIT_CONVERSION</key>
				<string>YES</string>
				<key>GCC_WARN_ABOUT_RETURN_TYPE</key>
				<string>YES_ERROR</string>
				<key>GCC_WARN_UNDECLARED_SELECTOR</key>
				<string>YES</string>
				<key>GCC_WARN_UNINITIALIZED_AUTOS</key>
				<string>YES_AGGRESSIVE</string>
				<key>GCC_WARN_UNUSED_FUNCTION</key>
				<string>YES</string>
				<key>GCC_WARN_UNUSED_VARIABLE</key>
				<string>YES</string>
				<key>IPHONEOS_DEPLOYMENT_TARGET</key>
				<string>7.0</string>
				<key>MTL_ENABLE_DEBUG_INFO</key>
				<string>YES</string>
				<key>ONLY_ACTIVE_ARCH</key>
				<string>YES</string>
				<key>SDKROOT</key>
				<string>iphoneos</string>
				<key>SWIFT_OPTIMIZATION_LEVEL</key>
				<string>-Onone</string>
				<key>TARGETED_DEVICE_FAMILY</key>
				<string>1,2</string>
			</dict>
			<key>isa</key>
			<string>XCBuildConfiguration</string>
			<key>name</key>
			<string>Debug</string>
		</dict>
		<key>1B7CF11F19BCEF28007A157D</key>
		<dict>
			<key>buildSettings</key>
			<dict>
				<key>ALWAYS_SEARCH_USER_PATHS</key>
				<string>YES</string>
				<key>CLANG_CXX_LANGUAGE_STANDARD</key>
				<string>gnu++0x</string>
				<key>CLANG_CXX_LIBRARY</key>
				<string>libc++</string>
				<key>CLANG_ENABLE_MODULES</key>
				<string>YES</string>
				<key>CLANG_ENABLE_OBJC_ARC</key>
				<string>YES</string>
				<key>CLANG_WARN_BOOL_CONVERSION</key>
				<string>YES</string>
				<key>CLANG_WARN_CONSTANT_CONVERSION</key>
				<string>YES</string>
				<key>CLANG_WARN_DIRECT_OBJC_ISA_USAGE</key>
				<string>YES_ERROR</string>
				<key>CLANG_WARN_EMPTY_BODY</key>
				<string>YES</string>
				<key>CLANG_WARN_ENUM_CONVERSION</key>
				<string>YES</string>
				<key>CLANG_WARN_INT_CONVERSION</key>
				<string>YES</string>
				<key>CLANG_WARN_OBJC_ROOT_CLASS</key>
				<string>YES_ERROR</string>
				<key>CLANG_WARN_UNREACHABLE_CODE</key>
				<string>YES</string>
				<key>CLANG_WARN__DUPLICATE_METHOD_MATCH</key>
				<string>YES</string>
				<key>CODE_SIGN_IDENTITY[sdk=iphoneos*]</key>
				<string>iPhone Developer</string>
				<key>COPY_PHASE_STRIP</key>
				<string>YES</string>
				<key>ENABLE_NS_ASSERTIONS</key>
				<string>NO</string>
				<key>ENABLE_STRICT_OBJC_MSGSEND</key>
				<string>YES</string>
				<key>GCC_C_LANGUAGE_STANDARD</key>
				<string>gnu99</string>
				<key>GCC_WARN_64_TO_32_BIT_CONVERSION</key>
				<string>YES</string>
				<key>GCC_WARN_ABOUT_RETURN_TYPE</key>
				<string>YES_ERROR</string>
				<key>GCC_WARN_UNDECLARED_SELECTOR</key>
				<string>YES</string>
				<key>GCC_WARN_UNINITIALIZED_AUTOS</key>
				<string>YES_AGGRESSIVE</string>
				<key>GCC_WARN_UNUSED_FUNCTION</key>
				<string>YES</string>
				<key>GCC_WARN_UNUSED_VARIABLE</key>
				<string>YES</string>
				<key>IPHONEOS_DEPLOYMENT_TARGET</key>
				<string>7.0</string>
				<key>MTL_ENABLE_DEBUG_INFO</key>
				<string>NO</string>
				<key>SDKROOT</key>
				<string>iphoneos</string>
				<key>TARGETED_DEVICE_FAMILY</key>
				<string>1,2</string>
				<key>VALIDATE_PRODUCT</key>
				<string>YES</string>
			</dict>
			<key>isa</key>
			<string>XCBuildConfiguration</string>
			<key>name</key>
			<string>Release</string>
		</dict>
		<key>1B7CF12019BCEF28007A157D</key>
		<dict>
			<key>buildConfigurations</key>
			<array>
				<string>1B7CF12119BCEF28007A157D</string>
				<string>1B7CF12219BCEF28007A157D</string>
			</array>
			<key>defaultConfigurationIsVisible</key>
			<string>0</string>
			<key>defaultConfigurationName</key>
			<string>Release</string>
			<key>isa</key>
			<string>XCConfigurationList</string>
		</dict>
		<key>1B7CF12119BCEF28007A157D</key>
		<dict>
			<key>baseConfigurationReference</key>
			<string>B3983FDC47A49806438A39AB</string>
			<key>buildSettings</key>
			<dict>
				<key>ASSETCATALOG_COMPILER_APPICON_NAME</key>
				<string>AppIcon</string>
				<key>ASSETCATALOG_COMPILER_LAUNCHIMAGE_NAME</key>
				<string>LaunchImage</string>
				<key>CLANG_ENABLE_MODULES</key>
				<string>YES</string>
				<key>CODE_SIGN_IDENTITY</key>
				<string>iPhone Developer</string>
				<key>FRAMEWORK_SEARCH_PATHS</key>
				<array>
					<string>$(inherited)</string>
					<string>$(PROJECT_DIR)/**</string>
					<string>$(PROJECT_DIR)/UW\ Quest/ThirdParty</string>
				</array>
				<key>INFOPLIST_FILE</key>
				<string>UW Quest/Supporting Files/Info.plist</string>
				<key>IPHONEOS_DEPLOYMENT_TARGET</key>
				<string>7.0</string>
				<key>LD_RUNPATH_SEARCH_PATHS</key>
				<string>$(inherited) @executable_path/Frameworks</string>
				<key>PRODUCT_NAME</key>
				<string>$(TARGET_NAME)</string>
				<key>SWIFT_OBJC_BRIDGING_HEADER</key>
				<string>UW Quest/UW Quest-Bridging-Header.h</string>
				<key>SWIFT_OPTIMIZATION_LEVEL</key>
				<string>-Onone</string>
			</dict>
			<key>isa</key>
			<string>XCBuildConfiguration</string>
			<key>name</key>
			<string>Debug</string>
		</dict>
		<key>1B7CF12219BCEF28007A157D</key>
		<dict>
			<key>baseConfigurationReference</key>
			<string>040AF5C3C6C827E481C73485</string>
			<key>buildSettings</key>
			<dict>
				<key>ASSETCATALOG_COMPILER_APPICON_NAME</key>
				<string>AppIcon</string>
				<key>ASSETCATALOG_COMPILER_LAUNCHIMAGE_NAME</key>
				<string>LaunchImage</string>
				<key>CLANG_ENABLE_MODULES</key>
				<string>YES</string>
				<key>CODE_SIGN_IDENTITY</key>
				<string>iPhone Developer</string>
				<key>FRAMEWORK_SEARCH_PATHS</key>
				<array>
					<string>$(inherited)</string>
					<string>$(PROJECT_DIR)/**</string>
					<string>$(PROJECT_DIR)/UW\ Quest/ThirdParty</string>
				</array>
				<key>INFOPLIST_FILE</key>
				<string>UW Quest/Supporting Files/Info.plist</string>
				<key>IPHONEOS_DEPLOYMENT_TARGET</key>
				<string>7.0</string>
				<key>LD_RUNPATH_SEARCH_PATHS</key>
				<string>$(inherited) @executable_path/Frameworks</string>
				<key>PRODUCT_NAME</key>
				<string>$(TARGET_NAME)</string>
				<key>SWIFT_OBJC_BRIDGING_HEADER</key>
				<string>UW Quest/UW Quest-Bridging-Header.h</string>
			</dict>
			<key>isa</key>
			<string>XCBuildConfiguration</string>
			<key>name</key>
			<string>Release</string>
		</dict>
		<key>1B7CF12319BCEF28007A157D</key>
		<dict>
			<key>buildConfigurations</key>
			<array>
				<string>1B7CF12419BCEF28007A157D</string>
				<string>1B7CF12519BCEF28007A157D</string>
			</array>
			<key>defaultConfigurationIsVisible</key>
			<string>0</string>
			<key>defaultConfigurationName</key>
			<string>Release</string>
			<key>isa</key>
			<string>XCConfigurationList</string>
		</dict>
		<key>1B7CF12419BCEF28007A157D</key>
		<dict>
			<key>buildSettings</key>
			<dict>
				<key>BUNDLE_LOADER</key>
				<string>$(TEST_HOST)</string>
				<key>FRAMEWORK_SEARCH_PATHS</key>
				<array>
					<string>$(SDKROOT)/Developer/Library/Frameworks</string>
					<string>$(inherited)</string>
				</array>
				<key>GCC_PREPROCESSOR_DEFINITIONS</key>
				<array>
					<string>DEBUG=1</string>
					<string>$(inherited)</string>
				</array>
				<key>INFOPLIST_FILE</key>
				<string>UW QuestTests/Supporting Files/Info.plist</string>
				<key>LD_RUNPATH_SEARCH_PATHS</key>
				<string>$(inherited) @executable_path/Frameworks @loader_path/Frameworks</string>
				<key>PRODUCT_NAME</key>
				<string>$(TARGET_NAME)</string>
				<key>TEST_HOST</key>
				<string>$(BUILT_PRODUCTS_DIR)/UW Quest.app/UW Quest</string>
			</dict>
			<key>isa</key>
			<string>XCBuildConfiguration</string>
			<key>name</key>
			<string>Debug</string>
		</dict>
		<key>1B7CF12519BCEF28007A157D</key>
		<dict>
			<key>buildSettings</key>
			<dict>
				<key>BUNDLE_LOADER</key>
				<string>$(TEST_HOST)</string>
				<key>FRAMEWORK_SEARCH_PATHS</key>
				<array>
					<string>$(SDKROOT)/Developer/Library/Frameworks</string>
					<string>$(inherited)</string>
				</array>
				<key>INFOPLIST_FILE</key>
				<string>UW QuestTests/Supporting Files/Info.plist</string>
				<key>LD_RUNPATH_SEARCH_PATHS</key>
				<string>$(inherited) @executable_path/Frameworks @loader_path/Frameworks</string>
				<key>PRODUCT_NAME</key>
				<string>$(TARGET_NAME)</string>
				<key>TEST_HOST</key>
				<string>$(BUILT_PRODUCTS_DIR)/UW Quest.app/UW Quest</string>
			</dict>
			<key>isa</key>
			<string>XCBuildConfiguration</string>
			<key>name</key>
			<string>Release</string>
		</dict>
		<key>1B8615AB19CFC6A20064505C</key>
		<dict>
			<key>fileEncoding</key>
			<string>4</string>
			<key>isa</key>
			<string>PBXFileReference</string>
			<key>lastKnownFileType</key>
			<string>sourcecode.swift</string>
			<key>path</key>
			<string>PersonalInformations.swift</string>
			<key>sourceTree</key>
			<string>&lt;group&gt;</string>
		</dict>
		<key>1B8615AC19CFC6A20064505C</key>
		<dict>
			<key>fileRef</key>
			<string>1B8615AB19CFC6A20064505C</string>
			<key>isa</key>
			<string>PBXBuildFile</string>
		</dict>
		<key>1B8615AD19CFD79A0064505C</key>
		<dict>
			<key>fileEncoding</key>
			<string>4</string>
			<key>isa</key>
			<string>PBXFileReference</string>
			<key>lastKnownFileType</key>
			<string>sourcecode.swift</string>
			<key>path</key>
			<string>AddressCollectionViewCell.swift</string>
			<key>sourceTree</key>
			<string>&lt;group&gt;</string>
		</dict>
		<key>1B8615AE19CFD79A0064505C</key>
		<dict>
			<key>fileRef</key>
			<string>1B8615AD19CFD79A0064505C</string>
			<key>isa</key>
			<string>PBXBuildFile</string>
		</dict>
		<key>1BF1B17719CF811400411109</key>
		<dict>
			<key>children</key>
			<array>
				<string>1B520C5219CE8A2000A0ADE6</string>
				<string>FA367B6619F1731000AC58D0</string>
			</array>
			<key>isa</key>
			<string>PBXGroup</string>
			<key>path</key>
			<string>PersonalInformation</string>
			<key>sourceTree</key>
			<string>&lt;group&gt;</string>
		</dict>
		<key>1BF1B17819CF814E00411109</key>
		<dict>
			<key>fileEncoding</key>
			<string>4</string>
			<key>isa</key>
			<string>PBXFileReference</string>
			<key>lastKnownFileType</key>
			<string>sourcecode.swift</string>
			<key>path</key>
			<string>UQCollectionReusableView.swift</string>
			<key>sourceTree</key>
			<string>&lt;group&gt;</string>
		</dict>
		<key>1BF1B17919CF814E00411109</key>
		<dict>
			<key>fileRef</key>
			<string>1BF1B17819CF814E00411109</string>
			<key>isa</key>
			<string>PBXBuildFile</string>
		</dict>
		<key>413651466CD74FE09FCED094</key>
		<dict>
			<key>explicitFileType</key>
			<string>archive.ar</string>
			<key>includeInIndex</key>
			<string>0</string>
			<key>isa</key>
			<string>PBXFileReference</string>
			<key>path</key>
			<string>libPods-UW Quest.a</string>
			<key>sourceTree</key>
			<string>BUILT_PRODUCTS_DIR</string>
		</dict>
		<key>74923F04F71C4B119FF7FE6C</key>
		<dict>
			<key>buildActionMask</key>
			<string>2147483647</string>
			<key>files</key>
			<array/>
			<key>inputPaths</key>
			<array/>
			<key>isa</key>
			<string>PBXShellScriptBuildPhase</string>
			<key>name</key>
			<string>Check Pods Manifest.lock</string>
			<key>outputPaths</key>
			<array/>
			<key>runOnlyForDeploymentPostprocessing</key>
			<string>0</string>
			<key>shellPath</key>
			<string>/bin/sh</string>
			<key>shellScript</key>
			<string>diff "${PODS_ROOT}/../Podfile.lock" "${PODS_ROOT}/Manifest.lock" &gt; /dev/null
if [[ $? != 0 ]] ; then
    cat &lt;&lt; EOM
error: The sandbox is not in sync with the Podfile.lock. Run 'pod install' or update your CocoaPods installation.
EOM
    exit 1
fi
</string>
			<key>showEnvVarsInLog</key>
			<string>0</string>
		</dict>
		<key>8751D1AADF5C44DE95744EFC</key>
		<dict>
			<key>buildActionMask</key>
			<string>2147483647</string>
			<key>files</key>
			<array/>
			<key>inputPaths</key>
			<array/>
			<key>isa</key>
			<string>PBXShellScriptBuildPhase</string>
			<key>name</key>
			<string>Copy Pods Resources</string>
			<key>outputPaths</key>
			<array/>
			<key>runOnlyForDeploymentPostprocessing</key>
			<string>0</string>
			<key>shellPath</key>
			<string>/bin/sh</string>
			<key>shellScript</key>
			<string>"${SRCROOT}/Pods/Target Support Files/Pods-UW Quest/Pods-UW Quest-resources.sh"
</string>
		</dict>
		<key>8D7A35BFE085927D4E172E57</key>
		<dict>
			<key>children</key>
			<array>
				<string>B3983FDC47A49806438A39AB</string>
				<string>040AF5C3C6C827E481C73485</string>
			</array>
			<key>isa</key>
			<string>PBXGroup</string>
			<key>name</key>
			<string>Pods</string>
			<key>sourceTree</key>
			<string>&lt;group&gt;</string>
		</dict>
		<key>9DF10D05EB6E460CBD79B4E4</key>
		<dict>
			<key>fileRef</key>
			<string>413651466CD74FE09FCED094</string>
			<key>isa</key>
			<string>PBXBuildFile</string>
		</dict>
		<key>B3983FDC47A49806438A39AB</key>
		<dict>
			<key>includeInIndex</key>
			<string>1</string>
			<key>isa</key>
			<string>PBXFileReference</string>
			<key>lastKnownFileType</key>
			<string>text.xcconfig</string>
			<key>name</key>
			<string>Pods-UW Quest.debug.xcconfig</string>
			<key>path</key>
			<string>Pods/Target Support Files/Pods-UW Quest/Pods-UW Quest.debug.xcconfig</string>
			<key>sourceTree</key>
			<string>&lt;group&gt;</string>
		</dict>
		<key>B94156B808E14E00AB78F713</key>
		<dict>
			<key>children</key>
			<array>
				<string>FA23729719C72E91000F5D4F</string>
				<string>FA23729319C72E87000F5D4F</string>
				<string>FA23729119C72E83000F5D4F</string>
				<string>FA23728F19C72E7F000F5D4F</string>
				<string>FA23728D19C72E79000F5D4F</string>
				<string>FA23728B19C72E73000F5D4F</string>
				<string>FA23728919C72E6E000F5D4F</string>
				<string>FA23728719C72E67000F5D4F</string>
				<string>FA23728519C72E62000F5D4F</string>
				<string>FAF2292E19C9433E0041C36F</string>
				<string>FAF2292C19C943280041C36F</string>
				<string>FAF2292A19C9411E0041C36F</string>
				<string>FAF2292819C941170041C36F</string>
				<string>FAF2292619C941080041C36F</string>
				<string>413651466CD74FE09FCED094</string>
			</array>
			<key>isa</key>
			<string>PBXGroup</string>
			<key>name</key>
			<string>Frameworks</string>
			<key>sourceTree</key>
			<string>&lt;group&gt;</string>
		</dict>
		<key>FA21D6DE19E7780C002FBF71</key>
		<dict>
			<key>children</key>
			<array>
				<string>FA21D6DF19E7780C002FBF71</string>
				<string>FA21D6E019E7780C002FBF71</string>
				<string>FA21D6E119E7780C002FBF71</string>
				<string>FA21D6E219E7780C002FBF71</string>
			</array>
			<key>isa</key>
			<string>PBXGroup</string>
			<key>path</key>
			<string>Transitions</string>
			<key>sourceTree</key>
			<string>&lt;group&gt;</string>
		</dict>
		<key>FA21D6DF19E7780C002FBF71</key>
		<dict>
			<key>fileEncoding</key>
			<string>4</string>
			<key>isa</key>
			<string>PBXFileReference</string>
			<key>lastKnownFileType</key>
			<string>sourcecode.c.h</string>
			<key>path</key>
			<string>MEDynamicTransition.h</string>
			<key>sourceTree</key>
			<string>&lt;group&gt;</string>
		</dict>
		<key>FA21D6E019E7780C002FBF71</key>
		<dict>
			<key>fileEncoding</key>
			<string>4</string>
			<key>isa</key>
			<string>PBXFileReference</string>
			<key>lastKnownFileType</key>
			<string>sourcecode.c.objc</string>
			<key>path</key>
			<string>MEDynamicTransition.m</string>
			<key>sourceTree</key>
			<string>&lt;group&gt;</string>
		</dict>
		<key>FA21D6E119E7780C002FBF71</key>
		<dict>
			<key>fileEncoding</key>
			<string>4</string>
			<key>isa</key>
			<string>PBXFileReference</string>
			<key>lastKnownFileType</key>
			<string>sourcecode.c.h</string>
			<key>path</key>
			<string>MEZoomAnimationController.h</string>
			<key>sourceTree</key>
			<string>&lt;group&gt;</string>
		</dict>
		<key>FA21D6E219E7780C002FBF71</key>
		<dict>
			<key>fileEncoding</key>
			<string>4</string>
			<key>isa</key>
			<string>PBXFileReference</string>
			<key>lastKnownFileType</key>
			<string>sourcecode.c.objc</string>
			<key>path</key>
			<string>MEZoomAnimationController.m</string>
			<key>sourceTree</key>
			<string>&lt;group&gt;</string>
		</dict>
		<key>FA21D6E319E7780C002FBF71</key>
		<dict>
			<key>fileRef</key>
			<string>FA21D6E019E7780C002FBF71</string>
			<key>isa</key>
			<string>PBXBuildFile</string>
		</dict>
		<key>FA21D6E419E7780C002FBF71</key>
		<dict>
			<key>fileRef</key>
			<string>FA21D6E219E7780C002FBF71</string>
			<key>isa</key>
			<string>PBXBuildFile</string>
		</dict>
		<key>FA23728119C63E68000F5D4F</key>
		<dict>
			<key>children</key>
			<array>
				<string>FA23729D19C74167000F5D4F</string>
				<string>FA79657519C9079F00852C84</string>
			</array>
			<key>isa</key>
			<string>PBXGroup</string>
			<key>path</key>
			<string>Helper</string>
			<key>sourceTree</key>
			<string>&lt;group&gt;</string>
		</dict>
		<key>FA23728519C72E62000F5D4F</key>
		<dict>
			<key>isa</key>
			<string>PBXFileReference</string>
			<key>lastKnownFileType</key>
			<string>wrapper.framework</string>
			<key>name</key>
			<string>AudioToolbox.framework</string>
			<key>path</key>
			<string>System/Library/Frameworks/AudioToolbox.framework</string>
			<key>sourceTree</key>
			<string>SDKROOT</string>
		</dict>
		<key>FA23728619C72E62000F5D4F</key>
		<dict>
			<key>fileRef</key>
			<string>FA23728519C72E62000F5D4F</string>
			<key>isa</key>
			<string>PBXBuildFile</string>
		</dict>
		<key>FA23728719C72E67000F5D4F</key>
		<dict>
			<key>isa</key>
			<string>PBXFileReference</string>
			<key>lastKnownFileType</key>
			<string>wrapper.framework</string>
			<key>name</key>
			<string>CFNetwork.framework</string>
			<key>path</key>
			<string>System/Library/Frameworks/CFNetwork.framework</string>
			<key>sourceTree</key>
			<string>SDKROOT</string>
		</dict>
		<key>FA23728819C72E67000F5D4F</key>
		<dict>
			<key>fileRef</key>
			<string>FA23728719C72E67000F5D4F</string>
			<key>isa</key>
			<string>PBXBuildFile</string>
		</dict>
		<key>FA23728919C72E6E000F5D4F</key>
		<dict>
			<key>isa</key>
			<string>PBXFileReference</string>
			<key>lastKnownFileType</key>
			<string>wrapper.framework</string>
			<key>name</key>
			<string>CoreGraphics.framework</string>
			<key>path</key>
			<string>System/Library/Frameworks/CoreGraphics.framework</string>
			<key>sourceTree</key>
			<string>SDKROOT</string>
		</dict>
		<key>FA23728A19C72E6E000F5D4F</key>
		<dict>
			<key>fileRef</key>
			<string>FA23728919C72E6E000F5D4F</string>
			<key>isa</key>
			<string>PBXBuildFile</string>
		</dict>
		<key>FA23728B19C72E73000F5D4F</key>
		<dict>
			<key>isa</key>
			<string>PBXFileReference</string>
			<key>lastKnownFileType</key>
			<string>wrapper.framework</string>
			<key>name</key>
			<string>CoreLocation.framework</string>
			<key>path</key>
			<string>System/Library/Frameworks/CoreLocation.framework</string>
			<key>sourceTree</key>
			<string>SDKROOT</string>
		</dict>
		<key>FA23728C19C72E73000F5D4F</key>
		<dict>
			<key>fileRef</key>
			<string>FA23728B19C72E73000F5D4F</string>
			<key>isa</key>
			<string>PBXBuildFile</string>
		</dict>
		<key>FA23728D19C72E79000F5D4F</key>
		<dict>
			<key>isa</key>
			<string>PBXFileReference</string>
			<key>lastKnownFileType</key>
			<string>compiled.mach-o.dylib</string>
			<key>name</key>
			<string>libz.dylib</string>
			<key>path</key>
			<string>usr/lib/libz.dylib</string>
			<key>sourceTree</key>
			<string>SDKROOT</string>
		</dict>
		<key>FA23728E19C72E79000F5D4F</key>
		<dict>
			<key>fileRef</key>
			<string>FA23728D19C72E79000F5D4F</string>
			<key>isa</key>
			<string>PBXBuildFile</string>
		</dict>
		<key>FA23728F19C72E7F000F5D4F</key>
		<dict>
			<key>isa</key>
			<string>PBXFileReference</string>
			<key>lastKnownFileType</key>
			<string>wrapper.framework</string>
			<key>name</key>
			<string>MobileCoreServices.framework</string>
			<key>path</key>
			<string>System/Library/Frameworks/MobileCoreServices.framework</string>
			<key>sourceTree</key>
			<string>SDKROOT</string>
		</dict>
		<key>FA23729019C72E7F000F5D4F</key>
		<dict>
			<key>fileRef</key>
			<string>FA23728F19C72E7F000F5D4F</string>
			<key>isa</key>
			<string>PBXBuildFile</string>
		</dict>
		<key>FA23729119C72E83000F5D4F</key>
		<dict>
			<key>isa</key>
			<string>PBXFileReference</string>
			<key>lastKnownFileType</key>
			<string>wrapper.framework</string>
			<key>name</key>
			<string>QuartzCore.framework</string>
			<key>path</key>
			<string>System/Library/Frameworks/QuartzCore.framework</string>
			<key>sourceTree</key>
			<string>SDKROOT</string>
		</dict>
		<key>FA23729219C72E83000F5D4F</key>
		<dict>
			<key>fileRef</key>
			<string>FA23729119C72E83000F5D4F</string>
			<key>isa</key>
			<string>PBXBuildFile</string>
		</dict>
		<key>FA23729319C72E87000F5D4F</key>
		<dict>
			<key>isa</key>
			<string>PBXFileReference</string>
			<key>lastKnownFileType</key>
			<string>wrapper.framework</string>
			<key>name</key>
			<string>Security.framework</string>
			<key>path</key>
			<string>System/Library/Frameworks/Security.framework</string>
			<key>sourceTree</key>
			<string>SDKROOT</string>
		</dict>
		<key>FA23729419C72E87000F5D4F</key>
		<dict>
			<key>fileRef</key>
			<string>FA23729319C72E87000F5D4F</string>
			<key>isa</key>
			<string>PBXBuildFile</string>
		</dict>
		<key>FA23729719C72E91000F5D4F</key>
		<dict>
			<key>isa</key>
			<string>PBXFileReference</string>
			<key>lastKnownFileType</key>
			<string>wrapper.framework</string>
			<key>name</key>
			<string>SystemConfiguration.framework</string>
			<key>path</key>
			<string>System/Library/Frameworks/SystemConfiguration.framework</string>
			<key>sourceTree</key>
			<string>SDKROOT</string>
		</dict>
		<key>FA23729819C72E91000F5D4F</key>
		<dict>
			<key>fileRef</key>
			<string>FA23729719C72E91000F5D4F</string>
			<key>isa</key>
			<string>PBXBuildFile</string>
		</dict>
		<key>FA23729A19C72F9A000F5D4F</key>
		<dict>
			<key>isa</key>
			<string>PBXFileReference</string>
			<key>lastKnownFileType</key>
			<string>sourcecode.c.h</string>
			<key>path</key>
			<string>UW Quest-Bridging-Header.h</string>
			<key>sourceTree</key>
			<string>&lt;group&gt;</string>
		</dict>
		<key>FA23729D19C74167000F5D4F</key>
		<dict>
			<key>fileEncoding</key>
			<string>4</string>
			<key>isa</key>
			<string>PBXFileReference</string>
			<key>lastKnownFileType</key>
			<string>sourcecode.swift</string>
			<key>path</key>
			<string>Constant.swift</string>
			<key>sourceTree</key>
			<string>&lt;group&gt;</string>
		</dict>
		<key>FA23729E19C74167000F5D4F</key>
		<dict>
			<key>fileRef</key>
			<string>FA23729D19C74167000F5D4F</string>
			<key>isa</key>
			<string>PBXBuildFile</string>
		</dict>
		<key>FA367B6619F1731000AC58D0</key>
		<dict>
			<key>children</key>
			<array>
				<string>FAE020DA19DBAEF90000253A</string>
				<string>FA4D1F5A19DA6B32006AA190</string>
				<string>FA4D1F5B19DA6B32006AA190</string>
				<string>1B8615AD19CFD79A0064505C</string>
				<string>FADDD6CD19D476BB003EC88D</string>
				<string>1B64007719D8977D00C35E44</string>
				<string>1B64007819D8977D00C35E44</string>
				<string>1B64007B19D8E48E00C35E44</string>
				<string>1B64007C19D8E48E00C35E44</string>
				<string>FA4D1F5619DA620C006AA190</string>
				<string>FA4D1F5719DA620C006AA190</string>
				<string>FAE020D819DBACA40000253A</string>
				<string>FA7E99FA19DCFD4000D65565</string>
				<string>FA7E99FC19DCFD9800D65565</string>
			</array>
			<key>isa</key>
			<string>PBXGroup</string>
			<key>name</key>
			<string>Cells</string>
			<key>path</key>
			<string>Cells</string>
			<key>sourceTree</key>
			<string>&lt;group&gt;</string>
		</dict>
		<key>FA4D1F5619DA620C006AA190</key>
		<dict>
			<key>fileEncoding</key>
			<string>4</string>
			<key>isa</key>
			<string>PBXFileReference</string>
			<key>lastKnownFileType</key>
			<string>sourcecode.swift</string>
			<key>path</key>
			<string>EmailCollectionViewCell.swift</string>
			<key>sourceTree</key>
			<string>&lt;group&gt;</string>
		</dict>
		<key>FA4D1F5719DA620C006AA190</key>
		<dict>
			<key>fileEncoding</key>
			<string>4</string>
			<key>isa</key>
			<string>PBXFileReference</string>
			<key>lastKnownFileType</key>
			<string>file.xib</string>
			<key>path</key>
			<string>EmailCollectionViewCell.xib</string>
			<key>sourceTree</key>
			<string>&lt;group&gt;</string>
		</dict>
		<key>FA4D1F5819DA620C006AA190</key>
		<dict>
			<key>fileRef</key>
			<string>FA4D1F5619DA620C006AA190</string>
			<key>isa</key>
			<string>PBXBuildFile</string>
		</dict>
		<key>FA4D1F5919DA620C006AA190</key>
		<dict>
			<key>fileRef</key>
			<string>FA4D1F5719DA620C006AA190</string>
			<key>isa</key>
			<string>PBXBuildFile</string>
		</dict>
		<key>FA4D1F5A19DA6B32006AA190</key>
		<dict>
			<key>fileEncoding</key>
			<string>4</string>
			<key>isa</key>
			<string>PBXFileReference</string>
			<key>lastKnownFileType</key>
			<string>sourcecode.swift</string>
			<key>path</key>
			<string>DescriptionCollectionViewCell.swift</string>
			<key>sourceTree</key>
			<string>&lt;group&gt;</string>
		</dict>
		<key>FA4D1F5B19DA6B32006AA190</key>
		<dict>
			<key>fileEncoding</key>
			<string>4</string>
			<key>isa</key>
			<string>PBXFileReference</string>
			<key>lastKnownFileType</key>
			<string>file.xib</string>
			<key>path</key>
			<string>DescriptionCollectionViewCell.xib</string>
			<key>sourceTree</key>
			<string>&lt;group&gt;</string>
		</dict>
		<key>FA4D1F5C19DA6B32006AA190</key>
		<dict>
			<key>fileRef</key>
			<string>FA4D1F5A19DA6B32006AA190</string>
			<key>isa</key>
			<string>PBXBuildFile</string>
		</dict>
		<key>FA4D1F5D19DA6B32006AA190</key>
		<dict>
			<key>fileRef</key>
			<string>FA4D1F5B19DA6B32006AA190</string>
			<key>isa</key>
			<string>PBXBuildFile</string>
		</dict>
		<key>FA79657519C9079F00852C84</key>
		<dict>
			<key>fileEncoding</key>
			<string>4</string>
			<key>isa</key>
			<string>PBXFileReference</string>
			<key>lastKnownFileType</key>
			<string>sourcecode.swift</string>
			<key>path</key>
			<string>Locator.swift</string>
			<key>sourceTree</key>
			<string>&lt;group&gt;</string>
		</dict>
		<key>FA79657619C9079F00852C84</key>
		<dict>
			<key>fileRef</key>
			<string>FA79657519C9079F00852C84</string>
			<key>isa</key>
			<string>PBXBuildFile</string>
		</dict>
		<key>FA79657719C90BB000852C84</key>
		<dict>
			<key>fileEncoding</key>
			<string>4</string>
			<key>isa</key>
			<string>PBXFileReference</string>
			<key>lastKnownFileType</key>
			<string>file.xib</string>
			<key>path</key>
			<string>LaunchView.xib</string>
			<key>sourceTree</key>
			<string>&lt;group&gt;</string>
		</dict>
		<key>FA79657819C90BB000852C84</key>
		<dict>
			<key>fileRef</key>
			<string>FA79657719C90BB000852C84</string>
			<key>isa</key>
			<string>PBXBuildFile</string>
		</dict>
		<key>FA7E99FA19DCFD4000D65565</key>
		<dict>
			<key>fileEncoding</key>
			<string>4</string>
			<key>isa</key>
			<string>PBXFileReference</string>
			<key>lastKnownFileType</key>
			<string>sourcecode.swift</string>
			<key>path</key>
			<string>DemographicCollectionCell.swift</string>
			<key>sourceTree</key>
			<string>&lt;group&gt;</string>
		</dict>
		<key>FA7E99FB19DCFD4000D65565</key>
		<dict>
			<key>fileRef</key>
			<string>FA7E99FA19DCFD4000D65565</string>
			<key>isa</key>
			<string>PBXBuildFile</string>
		</dict>
		<key>FA7E99FC19DCFD9800D65565</key>
		<dict>
			<key>fileEncoding</key>
			<string>4</string>
			<key>isa</key>
			<string>PBXFileReference</string>
			<key>lastKnownFileType</key>
			<string>sourcecode.swift</string>
			<key>path</key>
			<string>CitizenshipCollectionViewCell.swift</string>
			<key>sourceTree</key>
			<string>&lt;group&gt;</string>
		</dict>
		<key>FA7E99FD19DCFD9800D65565</key>
		<dict>
			<key>fileRef</key>
			<string>FA7E99FC19DCFD9800D65565</string>
			<key>isa</key>
			<string>PBXBuildFile</string>
		</dict>
		<key>FA8C1D6219C75B0800D6E158</key>
		<dict>
			<key>children</key>
			<array>
				<string>FA8C1D6319C75B0800D6E158</string>
				<string>1B8615AB19CFC6A20064505C</string>
			</array>
			<key>isa</key>
			<string>PBXGroup</string>
			<key>name</key>
			<string>Model</string>
			<key>path</key>
			<string>Model</string>
			<key>sourceTree</key>
			<string>&lt;group&gt;</string>
		</dict>
		<key>FA8C1D6319C75B0800D6E158</key>
		<dict>
			<key>fileEncoding</key>
			<string>4</string>
			<key>isa</key>
			<string>PBXFileReference</string>
			<key>lastKnownFileType</key>
			<string>sourcecode.swift</string>
			<key>path</key>
			<string>User.swift</string>
			<key>sourceTree</key>
			<string>&lt;group&gt;</string>
		</dict>
		<key>FA8C1D6419C75B0800D6E158</key>
		<dict>
			<key>fileRef</key>
			<string>FA8C1D6319C75B0800D6E158</string>
			<key>isa</key>
			<string>PBXBuildFile</string>
		</dict>
		<key>FACE198519C9EB05001FD4C9</key>
		<dict>
			<key>children</key>
			<array>
				<string>FACE198619C9EB05001FD4C9</string>
			</array>
			<key>isa</key>
			<string>PBXGroup</string>
			<key>path</key>
			<string>Network</string>
			<key>sourceTree</key>
			<string>&lt;group&gt;</string>
		</dict>
		<key>FACE198619C9EB05001FD4C9</key>
		<dict>
			<key>fileEncoding</key>
			<string>4</string>
			<key>isa</key>
			<string>PBXFileReference</string>
			<key>lastKnownFileType</key>
			<string>sourcecode.swift</string>
			<key>path</key>
			<string>QuestClient.swift</string>
			<key>sourceTree</key>
			<string>&lt;group&gt;</string>
		</dict>
		<key>FACE198719C9EB05001FD4C9</key>
		<dict>
			<key>fileRef</key>
			<string>FACE198619C9EB05001FD4C9</string>
			<key>isa</key>
			<string>PBXBuildFile</string>
		</dict>
		<key>FACE198819C9EB38001FD4C9</key>
		<dict>
			<key>children</key>
			<array>
				<string>FACE198919C9EC2D001FD4C9</string>
			</array>
			<key>isa</key>
			<string>PBXGroup</string>
			<key>path</key>
			<string>ThirdParty</string>
			<key>sourceTree</key>
			<string>&lt;group&gt;</string>
		</dict>
		<key>FACE198919C9EC2D001FD4C9</key>
		<dict>
			<key>isa</key>
			<string>PBXFileReference</string>
			<key>lastKnownFileType</key>
			<string>wrapper.framework</string>
			<key>path</key>
			<string>Crashlytics.framework</string>
			<key>sourceTree</key>
			<string>&lt;group&gt;</string>
		</dict>
		<key>FACE198A19C9EC2D001FD4C9</key>
		<dict>
			<key>fileRef</key>
			<string>FACE198919C9EC2D001FD4C9</string>
			<key>isa</key>
			<string>PBXBuildFile</string>
		</dict>
		<key>FADDD6CD19D476BB003EC88D</key>
		<dict>
			<key>fileEncoding</key>
			<string>4</string>
			<key>isa</key>
			<string>PBXFileReference</string>
			<key>lastKnownFileType</key>
			<string>file.xib</string>
			<key>path</key>
			<string>AddressCollectionViewCell.xib</string>
			<key>sourceTree</key>
			<string>&lt;group&gt;</string>
		</dict>
		<key>FADDD6CF19D476BB003EC88D</key>
		<dict>
			<key>fileRef</key>
			<string>FADDD6CD19D476BB003EC88D</string>
			<key>isa</key>
			<string>PBXBuildFile</string>
		</dict>
		<key>FAE020D819DBACA40000253A</key>
		<dict>
			<key>fileEncoding</key>
			<string>4</string>
			<key>isa</key>
			<string>PBXFileReference</string>
			<key>lastKnownFileType</key>
			<string>sourcecode.swift</string>
			<key>path</key>
			<string>EmergencyContactCollectionViewCell.swift</string>
			<key>sourceTree</key>
			<string>&lt;group&gt;</string>
		</dict>
		<key>FAE020D919DBACA40000253A</key>
		<dict>
			<key>fileRef</key>
			<string>FAE020D819DBACA40000253A</string>
			<key>isa</key>
			<string>PBXBuildFile</string>
		</dict>
		<key>FAE020DA19DBAEF90000253A</key>
		<dict>
			<key>fileEncoding</key>
			<string>4</string>
			<key>isa</key>
			<string>PBXFileReference</string>
			<key>lastKnownFileType</key>
			<string>sourcecode.swift</string>
			<key>path</key>
			<string>TitleSubTitleCollectionViewCell.swift</string>
			<key>sourceTree</key>
			<string>&lt;group&gt;</string>
		</dict>
		<key>FAE020DB19DBAEF90000253A</key>
		<dict>
			<key>fileRef</key>
			<string>FAE020DA19DBAEF90000253A</string>
			<key>isa</key>
			<string>PBXBuildFile</string>
		</dict>
		<key>FAF2291C19C937050041C36F</key>
		<dict>
			<key>children</key>
			<array>
				<string>FAF2291D19C937180041C36F</string>
				<string>FAF2291E19C937180041C36F</string>
			</array>
			<key>isa</key>
			<string>PBXGroup</string>
			<key>path</key>
			<string>OpenSource</string>
			<key>sourceTree</key>
			<string>&lt;group&gt;</string>
		</dict>
		<key>FAF2291D19C937180041C36F</key>
		<dict>
			<key>fileEncoding</key>
			<string>4</string>
			<key>isa</key>
			<string>PBXFileReference</string>
			<key>lastKnownFileType</key>
			<string>sourcecode.c.h</string>
			<key>path</key>
			<string>ZHHParseDevice.h</string>
			<key>sourceTree</key>
			<string>&lt;group&gt;</string>
		</dict>
		<key>FAF2291E19C937180041C36F</key>
		<dict>
			<key>fileEncoding</key>
			<string>4</string>
			<key>isa</key>
			<string>PBXFileReference</string>
			<key>lastKnownFileType</key>
			<string>sourcecode.c.objc</string>
			<key>path</key>
			<string>ZHHParseDevice.m</string>
			<key>sourceTree</key>
			<string>&lt;group&gt;</string>
		</dict>
		<key>FAF2291F19C937180041C36F</key>
		<dict>
			<key>fileRef</key>
			<string>FAF2291E19C937180041C36F</string>
			<key>isa</key>
			<string>PBXBuildFile</string>
		</dict>
		<key>FAF2292019C937620041C36F</key>
		<dict>
			<key>fileEncoding</key>
			<string>4</string>
			<key>isa</key>
			<string>PBXFileReference</string>
			<key>lastKnownFileType</key>
			<string>sourcecode.c.h</string>
			<key>path</key>
			<string>UIApplication+AppVersion.h</string>
			<key>sourceTree</key>
			<string>&lt;group&gt;</string>
		</dict>
		<key>FAF2292119C937620041C36F</key>
		<dict>
			<key>fileEncoding</key>
			<string>4</string>
			<key>isa</key>
			<string>PBXFileReference</string>
			<key>lastKnownFileType</key>
			<string>sourcecode.c.objc</string>
			<key>path</key>
			<string>UIApplication+AppVersion.m</string>
			<key>sourceTree</key>
			<string>&lt;group&gt;</string>
		</dict>
		<key>FAF2292219C937620041C36F</key>
		<dict>
			<key>fileEncoding</key>
			<string>4</string>
			<key>isa</key>
			<string>PBXFileReference</string>
			<key>lastKnownFileType</key>
			<string>sourcecode.c.h</string>
			<key>path</key>
			<string>UIDevice-Hardware.h</string>
			<key>sourceTree</key>
			<string>&lt;group&gt;</string>
		</dict>
		<key>FAF2292319C937620041C36F</key>
		<dict>
			<key>fileEncoding</key>
			<string>4</string>
			<key>isa</key>
			<string>PBXFileReference</string>
			<key>lastKnownFileType</key>
			<string>sourcecode.c.objc</string>
			<key>path</key>
			<string>UIDevice-Hardware.m</string>
			<key>sourceTree</key>
			<string>&lt;group&gt;</string>
		</dict>
		<key>FAF2292419C937620041C36F</key>
		<dict>
			<key>fileRef</key>
			<string>FAF2292119C937620041C36F</string>
			<key>isa</key>
			<string>PBXBuildFile</string>
		</dict>
		<key>FAF2292519C937620041C36F</key>
		<dict>
			<key>fileRef</key>
			<string>FAF2292319C937620041C36F</string>
			<key>isa</key>
			<string>PBXBuildFile</string>
		</dict>
		<key>FAF2292619C941080041C36F</key>
		<dict>
			<key>isa</key>
			<string>PBXFileReference</string>
			<key>lastKnownFileType</key>
			<string>wrapper.framework</string>
			<key>name</key>
			<string>AVFoundation.framework</string>
			<key>path</key>
			<string>System/Library/Frameworks/AVFoundation.framework</string>
			<key>sourceTree</key>
			<string>SDKROOT</string>
		</dict>
		<key>FAF2292719C941080041C36F</key>
		<dict>
			<key>fileRef</key>
			<string>FAF2292619C941080041C36F</string>
			<key>isa</key>
			<string>PBXBuildFile</string>
		</dict>
		<key>FAF2292819C941170041C36F</key>
		<dict>
			<key>isa</key>
			<string>PBXFileReference</string>
			<key>lastKnownFileType</key>
			<string>wrapper.framework</string>
			<key>name</key>
			<string>CoreMedia.framework</string>
			<key>path</key>
			<string>System/Library/Frameworks/CoreMedia.framework</string>
			<key>sourceTree</key>
			<string>SDKROOT</string>
		</dict>
		<key>FAF2292919C941170041C36F</key>
		<dict>
			<key>fileRef</key>
			<string>FAF2292819C941170041C36F</string>
			<key>isa</key>
			<string>PBXBuildFile</string>
		</dict>
		<key>FAF2292A19C9411E0041C36F</key>
		<dict>
			<key>isa</key>
			<string>PBXFileReference</string>
			<key>lastKnownFileType</key>
			<string>wrapper.framework</string>
			<key>name</key>
			<string>CoreVideo.framework</string>
			<key>path</key>
			<string>System/Library/Frameworks/CoreVideo.framework</string>
			<key>sourceTree</key>
			<string>SDKROOT</string>
		</dict>
		<key>FAF2292B19C9411E0041C36F</key>
		<dict>
			<key>fileRef</key>
			<string>FAF2292A19C9411E0041C36F</string>
			<key>isa</key>
			<string>PBXBuildFile</string>
		</dict>
		<key>FAF2292C19C943280041C36F</key>
		<dict>
			<key>isa</key>
			<string>PBXFileReference</string>
			<key>lastKnownFileType</key>
			<string>wrapper.framework</string>
			<key>name</key>
			<string>CoreTelephony.framework</string>
			<key>path</key>
			<string>System/Library/Frameworks/CoreTelephony.framework</string>
			<key>sourceTree</key>
			<string>SDKROOT</string>
		</dict>
		<key>FAF2292D19C943280041C36F</key>
		<dict>
			<key>fileRef</key>
			<string>FAF2292C19C943280041C36F</string>
			<key>isa</key>
			<string>PBXBuildFile</string>
			<key>settings</key>
			<dict>
				<key>ATTRIBUTES</key>
				<array>
					<string>Weak</string>
				</array>
			</dict>
		</dict>
		<key>FAF2292E19C9433E0041C36F</key>
		<dict>
			<key>isa</key>
			<string>PBXFileReference</string>
			<key>lastKnownFileType</key>
			<string>wrapper.framework</string>
			<key>name</key>
			<string>CoreData.framework</string>
			<key>path</key>
			<string>System/Library/Frameworks/CoreData.framework</string>
			<key>sourceTree</key>
			<string>SDKROOT</string>
		</dict>
		<key>FAF2292F19C9433E0041C36F</key>
		<dict>
			<key>fileRef</key>
			<string>FAF2292E19C9433E0041C36F</string>
			<key>isa</key>
			<string>PBXBuildFile</string>
		</dict>
	</dict>
	<key>rootObject</key>
	<string>1B7CF0FC19BCEF28007A157D</string>
</dict>
</plist>
